
Microsoft Visual Studio Solution File, Format Version 12.00
# Visual Studio 15
VisualStudioVersion = 15.0.28307.489
MinimumVisualStudioVersion = 10.0.40219.1
Project("{FAE04EC0-301F-11D3-BF4B-00C04F79EFBC}") = "NEWCRM", "NEWCRM\NEWCRM.csproj", "{95126E4F-9018-4C18-89AA-6D4508D8B908}"
EndProject
Global
	GlobalSection(SolutionConfigurationPlatforms) = preSolution
		Debug|Any CPU = Debug|Any CPU
		Release|Any CPU = Release|Any CPU
	EndGlobalSection
	GlobalSection(ProjectConfigurationPlatforms) = postSolution
		{95126E4F-9018-4C18-89AA-6D4508D8B908}.Debug|Any CPU.ActiveCfg = Debug|Any CPU
		{95126E4F-9018-4C18-89AA-6D4508D8B908}.Debug|Any CPU.Build.0 = Debug|Any CPU
		{95126E4F-9018-4C18-89AA-6D4508D8B908}.Release|Any CPU.ActiveCfg = Release|Any CPU
		{95126E4F-9018-4C18-89AA-6D4508D8B908}.Release|Any CPU.Build.0 = Release|Any CPU
	EndGlobalSection
	GlobalSection(SolutionProperties) = preSolution
		HideSolutionNode = FALSE
	EndGlobalSection
	GlobalSection(ExtensibilityGlobals) = postSolution
		SolutionGuid = {64F80AD1-3F62-463D-9C3E-990AD13BA7D8}
	EndGlobalSection
EndGlobal
